
Microsoft Visual Studio Solution File, Format Version 12.00
# Visual Studio for Mac
Project("{FAE04EC0-301F-11D3-BF4B-00C04F79EFBC}") = "Assembly-CSharp", "Assembly-CSharp.csproj", "{D75A4D6C-24ED-505B-2BE2-36F7108C34F4}"
EndProject
Project("{FAE04EC0-301F-11D3-BF4B-00C04F79EFBC}") = "VuforiaScripts", "VuforiaScripts.csproj", "{4305AA6C-5829-749C-FCE1-85EF03F705CE}"
EndProject
Project("{FAE04EC0-301F-11D3-BF4B-00C04F79EFBC}") = "Assembly-CSharp-Editor", "Assembly-CSharp-Editor.csproj", "{1E0228D2-F933-E4CE-B520-15D3D872E4A8}"
EndProject
Project("{FAE04EC0-301F-11D3-BF4B-00C04F79EFBC}") = "VuforiaEditorScripts", "VuforiaEditorScripts.csproj", "{5548B4B9-0D7C-4952-C782-8B6FD8B9C085}"
EndProject
Global
	GlobalSection(SolutionConfigurationPlatforms) = preSolution
		Debug|Any CPU = Debug|Any CPU
		Release|Any CPU = Release|Any CPU
	EndGlobalSection
	GlobalSection(ProjectConfigurationPlatforms) = postSolution
		{D75A4D6C-24ED-505B-2BE2-36F7108C34F4}.Debug|Any CPU.ActiveCfg = Debug|Any CPU
		{D75A4D6C-24ED-505B-2BE2-36F7108C34F4}.Debug|Any CPU.Build.0 = Debug|Any CPU
		{D75A4D6C-24ED-505B-2BE2-36F7108C34F4}.Release|Any CPU.ActiveCfg = Release|Any CPU
		{D75A4D6C-24ED-505B-2BE2-36F7108C34F4}.Release|Any CPU.Build.0 = Release|Any CPU
		{4305AA6C-5829-749C-FCE1-85EF03F705CE}.Debug|Any CPU.ActiveCfg = Debug|Any CPU
		{4305AA6C-5829-749C-FCE1-85EF03F705CE}.Debug|Any CPU.Build.0 = Debug|Any CPU
		{4305AA6C-5829-749C-FCE1-85EF03F705CE}.Release|Any CPU.ActiveCfg = Release|Any CPU
		{4305AA6C-5829-749C-FCE1-85EF03F705CE}.Release|Any CPU.Build.0 = Release|Any CPU
		{1E0228D2-F933-E4CE-B520-15D3D872E4A8}.Debug|Any CPU.ActiveCfg = Debug|Any CPU
		{1E0228D2-F933-E4CE-B520-15D3D872E4A8}.Debug|Any CPU.Build.0 = Debug|Any CPU
		{1E0228D2-F933-E4CE-B520-15D3D872E4A8}.Release|Any CPU.ActiveCfg = Release|Any CPU
		{1E0228D2-F933-E4CE-B520-15D3D872E4A8}.Release|Any CPU.Build.0 = Release|Any CPU
		{5548B4B9-0D7C-4952-C782-8B6FD8B9C085}.Debug|Any CPU.ActiveCfg = Debug|Any CPU
		{5548B4B9-0D7C-4952-C782-8B6FD8B9C085}.Debug|Any CPU.Build.0 = Debug|Any CPU
		{5548B4B9-0D7C-4952-C782-8B6FD8B9C085}.Release|Any CPU.ActiveCfg = Release|Any CPU
		{5548B4B9-0D7C-4952-C782-8B6FD8B9C085}.Release|Any CPU.Build.0 = Release|Any CPU
	EndGlobalSection
	GlobalSection(SolutionProperties) = preSolution
		HideSolutionNode = FALSE
	EndGlobalSection
EndGlobal
